
Microsoft Visual Studio Solution File, Format Version 12.00
# Visual Studio Version 17
VisualStudioVersion = 17.10.35013.160
MinimumVisualStudioVersion = 10.0.40219.1
Project("{9A19103F-16F7-4668-BE54-9A1E7A4F7556}") = "AccessControl.WebApi", "AccessControl.WebApi\AccessControl.WebApi.csproj", "{D9AD727A-DA51-4C28-AC72-48AC019BC119}"
EndProject
Project("{9A19103F-16F7-4668-BE54-9A1E7A4F7556}") = "AccessControl.Data", "AccessControl.Data\AccessControl.Data.csproj", "{D4E4BDAF-2D22-4EBF-8A78-471EE507F011}"
EndProject
Project("{9A19103F-16F7-4668-BE54-9A1E7A4F7556}") = "AccessControl.Model", "AccessControl.Model\AccessControl.Model.csproj", "{5FC3E251-518B-4BBF-A2B4-C3753C531351}"
EndProject
Project("{9A19103F-16F7-4668-BE54-9A1E7A4F7556}") = "AccessControl.Service", "AccessControl.Service\AccessControl.Service.csproj", "{A8C9FF85-B2C2-4B98-B653-4FCB664976B7}"
EndProject
Project("{FAE04EC0-301F-11D3-BF4B-00C04F79EFBC}") = "AccessControl.WebApp", "AccessControl.WebApp\AccessControl.WebApp.csproj", "{C8042F6D-2506-4F2A-9CC6-C69D7FD87EF2}"
EndProject
Global
	GlobalSection(SolutionConfigurationPlatforms) = preSolution
		Debug|Any CPU = Debug|Any CPU
		Release|Any CPU = Release|Any CPU
	EndGlobalSection
	GlobalSection(ProjectConfigurationPlatforms) = postSolution
		{D9AD727A-DA51-4C28-AC72-48AC019BC119}.Debug|Any CPU.ActiveCfg = Debug|Any CPU
		{D9AD727A-DA51-4C28-AC72-48AC019BC119}.Debug|Any CPU.Build.0 = Debug|Any CPU
		{D9AD727A-DA51-4C28-AC72-48AC019BC119}.Release|Any CPU.ActiveCfg = Release|Any CPU
		{D9AD727A-DA51-4C28-AC72-48AC019BC119}.Release|Any CPU.Build.0 = Release|Any CPU
		{D4E4BDAF-2D22-4EBF-8A78-471EE507F011}.Debug|Any CPU.ActiveCfg = Debug|Any CPU
		{D4E4BDAF-2D22-4EBF-8A78-471EE507F011}.Debug|Any CPU.Build.0 = Debug|Any CPU
		{D4E4BDAF-2D22-4EBF-8A78-471EE507F011}.Release|Any CPU.ActiveCfg = Release|Any CPU
		{D4E4BDAF-2D22-4EBF-8A78-471EE507F011}.Release|Any CPU.Build.0 = Release|Any CPU
		{5FC3E251-518B-4BBF-A2B4-C3753C531351}.Debug|Any CPU.ActiveCfg = Debug|Any CPU
		{5FC3E251-518B-4BBF-A2B4-C3753C531351}.Debug|Any CPU.Build.0 = Debug|Any CPU
		{5FC3E251-518B-4BBF-A2B4-C3753C531351}.Release|Any CPU.ActiveCfg = Release|Any CPU
		{5FC3E251-518B-4BBF-A2B4-C3753C531351}.Release|Any CPU.Build.0 = Release|Any CPU
		{A8C9FF85-B2C2-4B98-B653-4FCB664976B7}.Debug|Any CPU.ActiveCfg = Debug|Any CPU
		{A8C9FF85-B2C2-4B98-B653-4FCB664976B7}.Debug|Any CPU.Build.0 = Debug|Any CPU
		{A8C9FF85-B2C2-4B98-B653-4FCB664976B7}.Release|Any CPU.ActiveCfg = Release|Any CPU
		{A8C9FF85-B2C2-4B98-B653-4FCB664976B7}.Release|Any CPU.Build.0 = Release|Any CPU
		{C8042F6D-2506-4F2A-9CC6-C69D7FD87EF2}.Debug|Any CPU.ActiveCfg = Debug|Any CPU
		{C8042F6D-2506-4F2A-9CC6-C69D7FD87EF2}.Debug|Any CPU.Build.0 = Debug|Any CPU
		{C8042F6D-2506-4F2A-9CC6-C69D7FD87EF2}.Release|Any CPU.ActiveCfg = Release|Any CPU
		{C8042F6D-2506-4F2A-9CC6-C69D7FD87EF2}.Release|Any CPU.Build.0 = Release|Any CPU
	EndGlobalSection
	GlobalSection(SolutionProperties) = preSolution
		HideSolutionNode = FALSE
	EndGlobalSection
	GlobalSection(ExtensibilityGlobals) = postSolution
		SolutionGuid = {32D4EDDC-B33B-42C1-9102-54CA0DF42B9E}
	EndGlobalSection
EndGlobal
